
Microsoft Visual Studio Solution File, Format Version 12.00
# Visual Studio Version 16
VisualStudioVersion = 16.0.32126.315
MinimumVisualStudioVersion = 10.0.40219.1
Project("{FAE04EC0-301F-11D3-BF4B-00C04F79EFBC}") = "DepartIOApp", "DepartIOApp\DepartIOApp.csproj", "{A4918E6C-30E9-4523-9288-2D4244FC5B5E}"
EndProject
Global
	GlobalSection(SolutionConfigurationPlatforms) = preSolution
		Debug|Any CPU = Debug|Any CPU
		Release|Any CPU = Release|Any CPU
	EndGlobalSection
	GlobalSection(ProjectConfigurationPlatforms) = postSolution
		{A4918E6C-30E9-4523-9288-2D4244FC5B5E}.Debug|Any CPU.ActiveCfg = Debug|Any CPU
		{A4918E6C-30E9-4523-9288-2D4244FC5B5E}.Debug|Any CPU.Build.0 = Debug|Any CPU
		{A4918E6C-30E9-4523-9288-2D4244FC5B5E}.Release|Any CPU.ActiveCfg = Release|Any CPU
		{A4918E6C-30E9-4523-9288-2D4244FC5B5E}.Release|Any CPU.Build.0 = Release|Any CPU
	EndGlobalSection
	GlobalSection(SolutionProperties) = preSolution
		HideSolutionNode = FALSE
	EndGlobalSection
	GlobalSection(ExtensibilityGlobals) = postSolution
		SolutionGuid = {A42F507D-69CA-447F-8152-6A204620A59E}
	EndGlobalSection
EndGlobal
